
Microsoft Visual Studio Solution File, Format Version 12.00
# Visual Studio Version 17
VisualStudioVersion = 17.0.31903.59
MinimumVisualStudioVersion = 10.0.40219.1
Project("{2150E333-8FDC-42A3-9474-1A3956D46DE8}") = "src", "src", "{827E0CD3-B72D-47B6-A68D-7590B98EB39B}"
EndProject
Project("{FAE04EC0-301F-11D3-BF4B-00C04F79EFBC}") = "PixelSchubser.Api", "src\PixelSchubser.Api\PixelSchubser.Api.csproj", "{029D97DF-6D78-446D-BCF7-B8896FF0770B}"
EndProject
Project("{FAE04EC0-301F-11D3-BF4B-00C04F79EFBC}") = "PixelSchubser.Application", "src\PixelSchubser.Application\PixelSchubser.Application.csproj", "{CEB46E1A-A42C-4549-8ECD-2087471C262F}"
EndProject
Project("{FAE04EC0-301F-11D3-BF4B-00C04F79EFBC}") = "PixelSchubser.Domain", "src\PixelSchubser.Domain\PixelSchubser.Domain.csproj", "{8CBCD21F-D6DE-42B8-8786-2330615F1F57}"
EndProject
Project("{FAE04EC0-301F-11D3-BF4B-00C04F79EFBC}") = "PixelSchubser.Formats", "src\PixelSchubser.Formats\PixelSchubser.Formats.csproj", "{D1A9EF8D-068A-424F-9FD6-46C66DC65BCD}"
EndProject
Project("{FAE04EC0-301F-11D3-BF4B-00C04F79EFBC}") = "PixelSchubser.Rendering", "src\PixelSchubser.Rendering\PixelSchubser.Rendering.csproj", "{D1FCC362-F06E-4C48-8BCE-12E2B043AE53}"
EndProject
Project("{FAE04EC0-301F-11D3-BF4B-00C04F79EFBC}") = "PixelSchubser.Infrastructure", "src\PixelSchubser.Infrastructure\PixelSchubser.Infrastructure.csproj", "{093A0464-39BD-4A99-B82D-08D465491512}"
EndProject
Project("{FAE04EC0-301F-11D3-BF4B-00C04F79EFBC}") = "PixelSchubser.Avalonia", "src\PixelSchubser.Avalonia\PixelSchubser.Avalonia.csproj", "{2D541BD6-FD32-4501-BC56-7AF066B5FB19}"
EndProject
Project("{FAE04EC0-301F-11D3-BF4B-00C04F79EFBC}") = "PixelSchubser.Mcp", "src\PixelSchubser.Mcp\PixelSchubser.Mcp.csproj", "{4899D404-6854-458D-A3C6-2316F0A15924}"
EndProject
Project("{2150E333-8FDC-42A3-9474-1A3956D46DE8}") = "tests", "tests", "{0AB3BF05-4346-4AA6-1389-037BE0695223}"
EndProject
Project("{FAE04EC0-301F-11D3-BF4B-00C04F79EFBC}") = "PixelSchubser.Api.Tests", "tests\PixelSchubser.Api.Tests\PixelSchubser.Api.Tests.csproj", "{927727DF-B42B-4B8F-8622-20CF490FED06}"
EndProject
Project("{FAE04EC0-301F-11D3-BF4B-00C04F79EFBC}") = "PixelSchubser.Application.Tests", "tests\PixelSchubser.Application.Tests\PixelSchubser.Application.Tests.csproj", "{77847207-F4F2-4218-B4CC-DF6165D15CAA}"
EndProject
Project("{FAE04EC0-301F-11D3-BF4B-00C04F79EFBC}") = "PixelSchubser.Avalonia.Tests", "tests\PixelSchubser.Avalonia.Tests\PixelSchubser.Avalonia.Tests.csproj", "{C62849BA-6100-432F-A907-5CFA0422CD25}"
EndProject
Project("{FAE04EC0-301F-11D3-BF4B-00C04F79EFBC}") = "PixelSchubser.Domain.Tests", "tests\PixelSchubser.Domain.Tests\PixelSchubser.Domain.Tests.csproj", "{4F60AD78-8D41-42A3-A51A-10FCD2380BFF}"
EndProject
Project("{FAE04EC0-301F-11D3-BF4B-00C04F79EFBC}") = "PixelSchubser.Mcp.Tests", "tests\PixelSchubser.Mcp.Tests\PixelSchubser.Mcp.Tests.csproj", "{36594418-F220-4842-A156-CB44D9D897F4}"
EndProject
Project("{FAE04EC0-301F-11D3-BF4B-00C04F79EFBC}") = "PixelSchubser.Rendering.Tests", "tests\PixelSchubser.Rendering.Tests\PixelSchubser.Rendering.Tests.csproj", "{F3337462-4791-4E0E-B23E-081F204B33DD}"
EndProject
Global
	GlobalSection(SolutionConfigurationPlatforms) = preSolution
		Debug|Any CPU = Debug|Any CPU
		Debug|x64 = Debug|x64
		Debug|x86 = Debug|x86
		Release|Any CPU = Release|Any CPU
		Release|x64 = Release|x64
		Release|x86 = Release|x86
	EndGlobalSection
	GlobalSection(ProjectConfigurationPlatforms) = postSolution
		{029D97DF-6D78-446D-BCF7-B8896FF0770B}.Debug|Any CPU.ActiveCfg = Debug|Any CPU
		{029D97DF-6D78-446D-BCF7-B8896FF0770B}.Debug|Any CPU.Build.0 = Debug|Any CPU
		{029D97DF-6D78-446D-BCF7-B8896FF0770B}.Debug|x64.ActiveCfg = Debug|Any CPU
		{029D97DF-6D78-446D-BCF7-B8896FF0770B}.Debug|x64.Build.0 = Debug|Any CPU
		{029D97DF-6D78-446D-BCF7-B8896FF0770B}.Debug|x86.ActiveCfg = Debug|Any CPU
		{029D97DF-6D78-446D-BCF7-B8896FF0770B}.Debug|x86.Build.0 = Debug|Any CPU
		{029D97DF-6D78-446D-BCF7-B8896FF0770B}.Release|Any CPU.ActiveCfg = Release|Any CPU
		{029D97DF-6D78-446D-BCF7-B8896FF0770B}.Release|Any CPU.Build.0 = Release|Any CPU
		{029D97DF-6D78-446D-BCF7-B8896FF0770B}.Release|x64.ActiveCfg = Release|Any CPU
		{029D97DF-6D78-446D-BCF7-B8896FF0770B}.Release|x64.Build.0 = Release|Any CPU
		{029D97DF-6D78-446D-BCF7-B8896FF0770B}.Release|x86.ActiveCfg = Release|Any CPU
		{029D97DF-6D78-446D-BCF7-B8896FF0770B}.Release|x86.Build.0 = Release|Any CPU
		{CEB46E1A-A42C-4549-8ECD-2087471C262F}.Debug|Any CPU.ActiveCfg = Debug|Any CPU
		{CEB46E1A-A42C-4549-8ECD-2087471C262F}.Debug|Any CPU.Build.0 = Debug|Any CPU
		{CEB46E1A-A42C-4549-8ECD-2087471C262F}.Debug|x64.ActiveCfg = Debug|Any CPU
		{CEB46E1A-A42C-4549-8ECD-2087471C262F}.Debug|x64.Build.0 = Debug|Any CPU
		{CEB46E1A-A42C-4549-8ECD-2087471C262F}.Debug|x86.ActiveCfg = Debug|Any CPU
		{CEB46E1A-A42C-4549-8ECD-2087471C262F}.Debug|x86.Build.0 = Debug|Any CPU
		{CEB46E1A-A42C-4549-8ECD-2087471C262F}.Release|Any CPU.ActiveCfg = Release|Any CPU
		{CEB46E1A-A42C-4549-8ECD-2087471C262F}.Release|Any CPU.Build.0 = Release|Any CPU
		{CEB46E1A-A42C-4549-8ECD-2087471C262F}.Release|x64.ActiveCfg = Release|Any CPU
		{CEB46E1A-A42C-4549-8ECD-2087471C262F}.Release|x64.Build.0 = Release|Any CPU
		{CEB46E1A-A42C-4549-8ECD-2087471C262F}.Release|x86.ActiveCfg = Release|Any CPU
		{CEB46E1A-A42C-4549-8ECD-2087471C262F}.Release|x86.Build.0 = Release|Any CPU
		{8CBCD21F-D6DE-42B8-8786-2330615F1F57}.Debug|Any CPU.ActiveCfg = Debug|Any CPU
		{8CBCD21F-D6DE-42B8-8786-2330615F1F57}.Debug|Any CPU.Build.0 = Debug|Any CPU
		{8CBCD21F-D6DE-42B8-8786-2330615F1F57}.Debug|x64.ActiveCfg = Debug|Any CPU
		{8CBCD21F-D6DE-42B8-8786-2330615F1F57}.Debug|x64.Build.0 = Debug|Any CPU
		{8CBCD21F-D6DE-42B8-8786-2330615F1F57}.Debug|x86.ActiveCfg = Debug|Any CPU
		{8CBCD21F-D6DE-42B8-8786-2330615F1F57}.Debug|x86.Build.0 = Debug|Any CPU
		{8CBCD21F-D6DE-42B8-8786-2330615F1F57}.Release|Any CPU.ActiveCfg = Release|Any CPU
		{8CBCD21F-D6DE-42B8-8786-2330615F1F57}.Release|Any CPU.Build.0 = Release|Any CPU
		{8CBCD21F-D6DE-42B8-8786-2330615F1F57}.Release|x64.ActiveCfg = Release|Any CPU
		{8CBCD21F-D6DE-42B8-8786-2330615F1F57}.Release|x64.Build.0 = Release|Any CPU
		{8CBCD21F-D6DE-42B8-8786-2330615F1F57}.Release|x86.ActiveCfg = Release|Any CPU
		{8CBCD21F-D6DE-42B8-8786-2330615F1F57}.Release|x86.Build.0 = Release|Any CPU
		{D1A9EF8D-068A-424F-9FD6-46C66DC65BCD}.Debug|Any CPU.ActiveCfg = Debug|Any CPU
		{D1A9EF8D-068A-424F-9FD6-46C66DC65BCD}.Debug|Any CPU.Build.0 = Debug|Any CPU
		{D1A9EF8D-068A-424F-9FD6-46C66DC65BCD}.Debug|x64.ActiveCfg = Debug|Any CPU
		{D1A9EF8D-068A-424F-9FD6-46C66DC65BCD}.Debug|x64.Build.0 = Debug|Any CPU
		{D1A9EF8D-068A-424F-9FD6-46C66DC65BCD}.Debug|x86.ActiveCfg = Debug|Any CPU
		{D1A9EF8D-068A-424F-9FD6-46C66DC65BCD}.Debug|x86.Build.0 = Debug|Any CPU
		{D1A9EF8D-068A-424F-9FD6-46C66DC65BCD}.Release|Any CPU.ActiveCfg = Release|Any CPU
		{D1A9EF8D-068A-424F-9FD6-46C66DC65BCD}.Release|Any CPU.Build.0 = Release|Any CPU
		{D1A9EF8D-068A-424F-9FD6-46C66DC65BCD}.Release|x64.ActiveCfg = Release|Any CPU
		{D1A9EF8D-068A-424F-9FD6-46C66DC65BCD}.Release|x64.Build.0 = Release|Any CPU
		{D1A9EF8D-068A-424F-9FD6-46C66DC65BCD}.Release|x86.ActiveCfg = Release|Any CPU
		{D1A9EF8D-068A-424F-9FD6-46C66DC65BCD}.Release|x86.Build.0 = Release|Any CPU
		{D1FCC362-F06E-4C48-8BCE-12E2B043AE53}.Debug|Any CPU.ActiveCfg = Debug|Any CPU
		{D1FCC362-F06E-4C48-8BCE-12E2B043AE53}.Debug|Any CPU.Build.0 = Debug|Any CPU
		{D1FCC362-F06E-4C48-8BCE-12E2B043AE53}.Debug|x64.ActiveCfg = Debug|Any CPU
		{D1FCC362-F06E-4C48-8BCE-12E2B043AE53}.Debug|x64.Build.0 = Debug|Any CPU
		{D1FCC362-F06E-4C48-8BCE-12E2B043AE53}.Debug|x86.ActiveCfg = Debug|Any CPU
		{D1FCC362-F06E-4C48-8BCE-12E2B043AE53}.Debug|x86.Build.0 = Debug|Any CPU
		{D1FCC362-F06E-4C48-8BCE-12E2B043AE53}.Release|Any CPU.ActiveCfg = Release|Any CPU
		{D1FCC362-F06E-4C48-8BCE-12E2B043AE53}.Release|Any CPU.Build.0 = Release|Any CPU
		{D1FCC362-F06E-4C48-8BCE-12E2B043AE53}.Release|x64.ActiveCfg = Release|Any CPU
		{D1FCC362-F06E-4C48-8BCE-12E2B043AE53}.Release|x64.Build.0 = Release|Any CPU
		{D1FCC362-F06E-4C48-8BCE-12E2B043AE53}.Release|x86.ActiveCfg = Release|Any CPU
		{D1FCC362-F06E-4C48-8BCE-12E2B043AE53}.Release|x86.Build.0 = Release|Any CPU
		{093A0464-39BD-4A99-B82D-08D465491512}.Debug|Any CPU.ActiveCfg = Debug|Any CPU
		{093A0464-39BD-4A99-B82D-08D465491512}.Debug|Any CPU.Build.0 = Debug|Any CPU
		{093A0464-39BD-4A99-B82D-08D465491512}.Debug|x64.ActiveCfg = Debug|Any CPU
		{093A0464-39BD-4A99-B82D-08D465491512}.Debug|x64.Build.0 = Debug|Any CPU
		{093A0464-39BD-4A99-B82D-08D465491512}.Debug|x86.ActiveCfg = Debug|Any CPU
		{093A0464-39BD-4A99-B82D-08D465491512}.Debug|x86.Build.0 = Debug|Any CPU
		{093A0464-39BD-4A99-B82D-08D465491512}.Release|Any CPU.ActiveCfg = Release|Any CPU
		{093A0464-39BD-4A99-B82D-08D465491512}.Release|Any CPU.Build.0 = Release|Any CPU
		{093A0464-39BD-4A99-B82D-08D465491512}.Release|x64.ActiveCfg = Release|Any CPU
		{093A0464-39BD-4A99-B82D-08D465491512}.Release|x64.Build.0 = Release|Any CPU
		{093A0464-39BD-4A99-B82D-08D465491512}.Release|x86.ActiveCfg = Release|Any CPU
		{093A0464-39BD-4A99-B82D-08D465491512}.Release|x86.Build.0 = Release|Any CPU
		{2D541BD6-FD32-4501-BC56-7AF066B5FB19}.Debug|Any CPU.ActiveCfg = Debug|Any CPU
		{2D541BD6-FD32-4501-BC56-7AF066B5FB19}.Debug|Any CPU.Build.0 = Debug|Any CPU
		{2D541BD6-FD32-4501-BC56-7AF066B5FB19}.Debug|x64.ActiveCfg = Debug|Any CPU
		{2D541BD6-FD32-4501-BC56-7AF066B5FB19}.Debug|x64.Build.0 = Debug|Any CPU
		{2D541BD6-FD32-4501-BC56-7AF066B5FB19}.Debug|x86.ActiveCfg = Debug|Any CPU
		{2D541BD6-FD32-4501-BC56-7AF066B5FB19}.Debug|x86.Build.0 = Debug|Any CPU
		{2D541BD6-FD32-4501-BC56-7AF066B5FB19}.Release|Any CPU.ActiveCfg = Release|Any CPU
		{2D541BD6-FD32-4501-BC56-7AF066B5FB19}.Release|Any CPU.Build.0 = Release|Any CPU
		{2D541BD6-FD32-4501-BC56-7AF066B5FB19}.Release|x64.ActiveCfg = Release|Any CPU
		{2D541BD6-FD32-4501-BC56-7AF066B5FB19}.Release|x64.Build.0 = Release|Any CPU
		{2D541BD6-FD32-4501-BC56-7AF066B5FB19}.Release|x86.ActiveCfg = Release|Any CPU
		{2D541BD6-FD32-4501-BC56-7AF066B5FB19}.Release|x86.Build.0 = Release|Any CPU
		{4899D404-6854-458D-A3C6-2316F0A15924}.Debug|Any CPU.ActiveCfg = Debug|Any CPU
		{4899D404-6854-458D-A3C6-2316F0A15924}.Debug|Any CPU.Build.0 = Debug|Any CPU
		{4899D404-6854-458D-A3C6-2316F0A15924}.Debug|x64.ActiveCfg = Debug|Any CPU
		{4899D404-6854-458D-A3C6-2316F0A15924}.Debug|x64.Build.0 = Debug|Any CPU
		{4899D404-6854-458D-A3C6-2316F0A15924}.Debug|x86.ActiveCfg = Debug|Any CPU
		{4899D404-6854-458D-A3C6-2316F0A15924}.Debug|x86.Build.0 = Debug|Any CPU
		{4899D404-6854-458D-A3C6-2316F0A15924}.Release|Any CPU.ActiveCfg = Release|Any CPU
		{4899D404-6854-458D-A3C6-2316F0A15924}.Release|Any CPU.Build.0 = Release|Any CPU
		{4899D404-6854-458D-A3C6-2316F0A15924}.Release|x64.ActiveCfg = Release|Any CPU
		{4899D404-6854-458D-A3C6-2316F0A15924}.Release|x64.Build.0 = Release|Any CPU
		{4899D404-6854-458D-A3C6-2316F0A15924}.Release|x86.ActiveCfg = Release|Any CPU
		{4899D404-6854-458D-A3C6-2316F0A15924}.Release|x86.Build.0 = Release|Any CPU
		{927727DF-B42B-4B8F-8622-20CF490FED06}.Debug|Any CPU.ActiveCfg = Debug|Any CPU
		{927727DF-B42B-4B8F-8622-20CF490FED06}.Debug|Any CPU.Build.0 = Debug|Any CPU
		{927727DF-B42B-4B8F-8622-20CF490FED06}.Debug|x64.ActiveCfg = Debug|Any CPU
		{927727DF-B42B-4B8F-8622-20CF490FED06}.Debug|x64.Build.0 = Debug|Any CPU
		{927727DF-B42B-4B8F-8622-20CF490FED06}.Debug|x86.ActiveCfg = Debug|Any CPU
		{927727DF-B42B-4B8F-8622-20CF490FED06}.Debug|x86.Build.0 = Debug|Any CPU
		{927727DF-B42B-4B8F-8622-20CF490FED06}.Release|Any CPU.ActiveCfg = Release|Any CPU
		{927727DF-B42B-4B8F-8622-20CF490FED06}.Release|Any CPU.Build.0 = Release|Any CPU
		{927727DF-B42B-4B8F-8622-20CF490FED06}.Release|x64.ActiveCfg = Release|Any CPU
		{927727DF-B42B-4B8F-8622-20CF490FED06}.Release|x64.Build.0 = Release|Any CPU
		{927727DF-B42B-4B8F-8622-20CF490FED06}.Release|x86.ActiveCfg = Release|Any CPU
		{927727DF-B42B-4B8F-8622-20CF490FED06}.Release|x86.Build.0 = Release|Any CPU
		{77847207-F4F2-4218-B4CC-DF6165D15CAA}.Debug|Any CPU.ActiveCfg = Debug|Any CPU
		{77847207-F4F2-4218-B4CC-DF6165D15CAA}.Debug|Any CPU.Build.0 = Debug|Any CPU
		{77847207-F4F2-4218-B4CC-DF6165D15CAA}.Debug|x64.ActiveCfg = Debug|Any CPU
		{77847207-F4F2-4218-B4CC-DF6165D15CAA}.Debug|x64.Build.0 = Debug|Any CPU
		{77847207-F4F2-4218-B4CC-DF6165D15CAA}.Debug|x86.ActiveCfg = Debug|Any CPU
		{77847207-F4F2-4218-B4CC-DF6165D15CAA}.Debug|x86.Build.0 = Debug|Any CPU
		{77847207-F4F2-4218-B4CC-DF6165D15CAA}.Release|Any CPU.ActiveCfg = Release|Any CPU
		{77847207-F4F2-4218-B4CC-DF6165D15CAA}.Release|Any CPU.Build.0 = Release|Any CPU
		{77847207-F4F2-4218-B4CC-DF6165D15CAA}.Release|x64.ActiveCfg = Release|Any CPU
		{77847207-F4F2-4218-B4CC-DF6165D15CAA}.Release|x64.Build.0 = Release|Any CPU
		{77847207-F4F2-4218-B4CC-DF6165D15CAA}.Release|x86.ActiveCfg = Release|Any CPU
		{77847207-F4F2-4218-B4CC-DF6165D15CAA}.Release|x86.Build.0 = Release|Any CPU
		{C62849BA-6100-432F-A907-5CFA0422CD25}.Debug|Any CPU.ActiveCfg = Debug|Any CPU
		{C62849BA-6100-432F-A907-5CFA0422CD25}.Debug|Any CPU.Build.0 = Debug|Any CPU
		{C62849BA-6100-432F-A907-5CFA0422CD25}.Debug|x64.ActiveCfg = Debug|Any CPU
		{C62849BA-6100-432F-A907-5CFA0422CD25}.Debug|x64.Build.0 = Debug|Any CPU
		{C62849BA-6100-432F-A907-5CFA0422CD25}.Debug|x86.ActiveCfg = Debug|Any CPU
		{C62849BA-6100-432F-A907-5CFA0422CD25}.Debug|x86.Build.0 = Debug|Any CPU
		{C62849BA-6100-432F-A907-5CFA0422CD25}.Release|Any CPU.ActiveCfg = Release|Any CPU
		{C62849BA-6100-432F-A907-5CFA0422CD25}.Release|Any CPU.Build.0 = Release|Any CPU
		{C62849BA-6100-432F-A907-5CFA0422CD25}.Release|x64.ActiveCfg = Release|Any CPU
		{C62849BA-6100-432F-A907-5CFA0422CD25}.Release|x64.Build.0 = Release|Any CPU
		{C62849BA-6100-432F-A907-5CFA0422CD25}.Release|x86.ActiveCfg = Release|Any CPU
		{C62849BA-6100-432F-A907-5CFA0422CD25}.Release|x86.Build.0 = Release|Any CPU
		{4F60AD78-8D41-42A3-A51A-10FCD2380BFF}.Debug|Any CPU.ActiveCfg = Debug|Any CPU
		{4F60AD78-8D41-42A3-A51A-10FCD2380BFF}.Debug|Any CPU.Build.0 = Debug|Any CPU
		{4F60AD78-8D41-42A3-A51A-10FCD2380BFF}.Debug|x64.ActiveCfg = Debug|Any CPU
		{4F60AD78-8D41-42A3-A51A-10FCD2380BFF}.Debug|x64.Build.0 = Debug|Any CPU
		{4F60AD78-8D41-42A3-A51A-10FCD2380BFF}.Debug|x86.ActiveCfg = Debug|Any CPU
		{4F60AD78-8D41-42A3-A51A-10FCD2380BFF}.Debug|x86.Build.0 = Debug|Any CPU
		{4F60AD78-8D41-42A3-A51A-10FCD2380BFF}.Release|Any CPU.ActiveCfg = Release|Any CPU
		{4F60AD78-8D41-42A3-A51A-10FCD2380BFF}.Release|Any CPU.Build.0 = Release|Any CPU
		{4F60AD78-8D41-42A3-A51A-10FCD2380BFF}.Release|x64.ActiveCfg = Release|Any CPU
		{4F60AD78-8D41-42A3-A51A-10FCD2380BFF}.Release|x64.Build.0 = Release|Any CPU
		{4F60AD78-8D41-42A3-A51A-10FCD2380BFF}.Release|x86.ActiveCfg = Release|Any CPU
		{4F60AD78-8D41-42A3-A51A-10FCD2380BFF}.Release|x86.Build.0 = Release|Any CPU
		{36594418-F220-4842-A156-CB44D9D897F4}.Debug|Any CPU.ActiveCfg = Debug|Any CPU
		{36594418-F220-4842-A156-CB44D9D897F4}.Debug|Any CPU.Build.0 = Debug|Any CPU
		{36594418-F220-4842-A156-CB44D9D897F4}.Debug|x64.ActiveCfg = Debug|Any CPU
		{36594418-F220-4842-A156-CB44D9D897F4}.Debug|x64.Build.0 = Debug|Any CPU
		{36594418-F220-4842-A156-CB44D9D897F4}.Debug|x86.ActiveCfg = Debug|Any CPU
		{36594418-F220-4842-A156-CB44D9D897F4}.Debug|x86.Build.0 = Debug|Any CPU
		{36594418-F220-4842-A156-CB44D9D897F4}.Release|Any CPU.ActiveCfg = Release|Any CPU
		{36594418-F220-4842-A156-CB44D9D897F4}.Release|Any CPU.Build.0 = Release|Any CPU
		{36594418-F220-4842-A156-CB44D9D897F4}.Release|x64.ActiveCfg = Release|Any CPU
		{36594418-F220-4842-A156-CB44D9D897F4}.Release|x64.Build.0 = Release|Any CPU
		{36594418-F220-4842-A156-CB44D9D897F4}.Release|x86.ActiveCfg = Release|Any CPU
		{36594418-F220-4842-A156-CB44D9D897F4}.Release|x86.Build.0 = Release|Any CPU
		{F3337462-4791-4E0E-B23E-081F204B33DD}.Debug|Any CPU.ActiveCfg = Debug|Any CPU
		{F3337462-4791-4E0E-B23E-081F204B33DD}.Debug|Any CPU.Build.0 = Debug|Any CPU
		{F3337462-4791-4E0E-B23E-081F204B33DD}.Debug|x64.ActiveCfg = Debug|Any CPU
		{F3337462-4791-4E0E-B23E-081F204B33DD}.Debug|x64.Build.0 = Debug|Any CPU
		{F3337462-4791-4E0E-B23E-081F204B33DD}.Debug|x86.ActiveCfg = Debug|Any CPU
		{F3337462-4791-4E0E-B23E-081F204B33DD}.Debug|x86.Build.0 = Debug|Any CPU
		{F3337462-4791-4E0E-B23E-081F204B33DD}.Release|Any CPU.ActiveCfg = Release|Any CPU
		{F3337462-4791-4E0E-B23E-081F204B33DD}.Release|Any CPU.Build.0 = Release|Any CPU
		{F3337462-4791-4E0E-B23E-081F204B33DD}.Release|x64.ActiveCfg = Release|Any CPU
		{F3337462-4791-4E0E-B23E-081F204B33DD}.Release|x64.Build.0 = Release|Any CPU
		{F3337462-4791-4E0E-B23E-081F204B33DD}.Release|x86.ActiveCfg = Release|Any CPU
		{F3337462-4791-4E0E-B23E-081F204B33DD}.Release|x86.Build.0 = Release|Any CPU
	EndGlobalSection
	GlobalSection(SolutionProperties) = preSolution
		HideSolutionNode = FALSE
	EndGlobalSection
	GlobalSection(NestedProjects) = preSolution
		{029D97DF-6D78-446D-BCF7-B8896FF0770B} = {827E0CD3-B72D-47B6-A68D-7590B98EB39B}
		{CEB46E1A-A42C-4549-8ECD-2087471C262F} = {827E0CD3-B72D-47B6-A68D-7590B98EB39B}
		{8CBCD21F-D6DE-42B8-8786-2330615F1F57} = {827E0CD3-B72D-47B6-A68D-7590B98EB39B}
		{D1A9EF8D-068A-424F-9FD6-46C66DC65BCD} = {827E0CD3-B72D-47B6-A68D-7590B98EB39B}
		{D1FCC362-F06E-4C48-8BCE-12E2B043AE53} = {827E0CD3-B72D-47B6-A68D-7590B98EB39B}
		{093A0464-39BD-4A99-B82D-08D465491512} = {827E0CD3-B72D-47B6-A68D-7590B98EB39B}
		{2D541BD6-FD32-4501-BC56-7AF066B5FB19} = {827E0CD3-B72D-47B6-A68D-7590B98EB39B}
		{4899D404-6854-458D-A3C6-2316F0A15924} = {827E0CD3-B72D-47B6-A68D-7590B98EB39B}
		{927727DF-B42B-4B8F-8622-20CF490FED06} = {0AB3BF05-4346-4AA6-1389-037BE0695223}
		{77847207-F4F2-4218-B4CC-DF6165D15CAA} = {0AB3BF05-4346-4AA6-1389-037BE0695223}
		{C62849BA-6100-432F-A907-5CFA0422CD25} = {0AB3BF05-4346-4AA6-1389-037BE0695223}
		{4F60AD78-8D41-42A3-A51A-10FCD2380BFF} = {0AB3BF05-4346-4AA6-1389-037BE0695223}
		{36594418-F220-4842-A156-CB44D9D897F4} = {0AB3BF05-4346-4AA6-1389-037BE0695223}
		{F3337462-4791-4E0E-B23E-081F204B33DD} = {0AB3BF05-4346-4AA6-1389-037BE0695223}
	EndGlobalSection
EndGlobal
